
Microsoft Visual Studio Solution File, Format Version 12.00
Project("{FAE04EC0-301F-11D3-BF4B-00C04F79EFBC}") = "docker", "docker\docker.csproj", "{47E86089-776F-452A-AE76-ED1D336F5EFA}"
EndProject
Project("{FAE04EC0-301F-11D3-BF4B-00C04F79EFBC}") = "PreferenceManager", "PreferenceManager\PreferenceManager.csproj", "{B9402EA0-DA49-4D22-8779-5A8A4E84A8CD}"
EndProject
Project("{FAE04EC0-301F-11D3-BF4B-00C04F79EFBC}") = "PreferenceManager.Tests", "PreferenceManager.Tests\PreferenceManager.Tests.csproj", "{020BAC66-1974-45A9-BC05-8B96DBFD4765}"
EndProject
Global
	GlobalSection(SolutionConfigurationPlatforms) = preSolution
		Debug|Any CPU = Debug|Any CPU
		Release|Any CPU = Release|Any CPU
	EndGlobalSection
	GlobalSection(ProjectConfigurationPlatforms) = postSolution
		{47E86089-776F-452A-AE76-ED1D336F5EFA}.Debug|Any CPU.ActiveCfg = Debug|Any CPU
		{47E86089-776F-452A-AE76-ED1D336F5EFA}.Debug|Any CPU.Build.0 = Debug|Any CPU
		{47E86089-776F-452A-AE76-ED1D336F5EFA}.Release|Any CPU.ActiveCfg = Release|Any CPU
		{47E86089-776F-452A-AE76-ED1D336F5EFA}.Release|Any CPU.Build.0 = Release|Any CPU
		{B9402EA0-DA49-4D22-8779-5A8A4E84A8CD}.Debug|Any CPU.ActiveCfg = Debug|Any CPU
		{B9402EA0-DA49-4D22-8779-5A8A4E84A8CD}.Debug|Any CPU.Build.0 = Debug|Any CPU
		{B9402EA0-DA49-4D22-8779-5A8A4E84A8CD}.Release|Any CPU.ActiveCfg = Release|Any CPU
		{B9402EA0-DA49-4D22-8779-5A8A4E84A8CD}.Release|Any CPU.Build.0 = Release|Any CPU
		{020BAC66-1974-45A9-BC05-8B96DBFD4765}.Debug|Any CPU.ActiveCfg = Debug|Any CPU
		{020BAC66-1974-45A9-BC05-8B96DBFD4765}.Debug|Any CPU.Build.0 = Debug|Any CPU
		{020BAC66-1974-45A9-BC05-8B96DBFD4765}.Release|Any CPU.ActiveCfg = Release|Any CPU
		{020BAC66-1974-45A9-BC05-8B96DBFD4765}.Release|Any CPU.Build.0 = Release|Any CPU
	EndGlobalSection
EndGlobal
